
Microsoft Visual Studio Solution File, Format Version 12.00
# Visual Studio Version 17
VisualStudioVersion = 17.3.32825.248
MinimumVisualStudioVersion = 10.0.40219.1
Project("{9A19103F-16F7-4668-BE54-9A1E7A4F7556}") = "BaoDatShop", "BaoDatShop\BaoDatShop.csproj", "{5F727D46-2E78-4192-9150-1AEE1F1D059A}"
EndProject
Project("{9A19103F-16F7-4668-BE54-9A1E7A4F7556}") = "BaoDatShop.DTO", "BaoDatShop.DTO\BaoDatShop.DTO.csproj", "{922D7439-8A62-418E-AE17-DB16C3E2C2E1}"
EndProject
Project("{9A19103F-16F7-4668-BE54-9A1E7A4F7556}") = "BaoDatShop.Model", "BaoDatShop.Model\BaoDatShop.Model.csproj", "{FE1039C4-B6B6-4EA9-9713-0589ECCAA5F5}"
EndProject
Project("{9A19103F-16F7-4668-BE54-9A1E7A4F7556}") = "BaoDatShop.Service", "BaoDatShop.Service\BaoDatShop.Service.csproj", "{8FBE10AA-EBDA-4429-8F79-F3D00AF12861}"
EndProject
Project("{9A19103F-16F7-4668-BE54-9A1E7A4F7556}") = "BaoDatShop.Responsitories", "BaoDatShopResponsitories\BaoDatShop.Responsitories.csproj", "{44AA0D95-0DB5-4E16-B85B-0456D53BBF12}"
EndProject
Global
	GlobalSection(SolutionConfigurationPlatforms) = preSolution
		Debug|Any CPU = Debug|Any CPU
		Release|Any CPU = Release|Any CPU
	EndGlobalSection
	GlobalSection(ProjectConfigurationPlatforms) = postSolution
		{5F727D46-2E78-4192-9150-1AEE1F1D059A}.Debug|Any CPU.ActiveCfg = Debug|Any CPU
		{5F727D46-2E78-4192-9150-1AEE1F1D059A}.Debug|Any CPU.Build.0 = Debug|Any CPU
		{5F727D46-2E78-4192-9150-1AEE1F1D059A}.Release|Any CPU.ActiveCfg = Release|Any CPU
		{5F727D46-2E78-4192-9150-1AEE1F1D059A}.Release|Any CPU.Build.0 = Release|Any CPU
		{922D7439-8A62-418E-AE17-DB16C3E2C2E1}.Debug|Any CPU.ActiveCfg = Debug|Any CPU
		{922D7439-8A62-418E-AE17-DB16C3E2C2E1}.Debug|Any CPU.Build.0 = Debug|Any CPU
		{922D7439-8A62-418E-AE17-DB16C3E2C2E1}.Release|Any CPU.ActiveCfg = Release|Any CPU
		{922D7439-8A62-418E-AE17-DB16C3E2C2E1}.Release|Any CPU.Build.0 = Release|Any CPU
		{FE1039C4-B6B6-4EA9-9713-0589ECCAA5F5}.Debug|Any CPU.ActiveCfg = Debug|Any CPU
		{FE1039C4-B6B6-4EA9-9713-0589ECCAA5F5}.Debug|Any CPU.Build.0 = Debug|Any CPU
		{FE1039C4-B6B6-4EA9-9713-0589ECCAA5F5}.Release|Any CPU.ActiveCfg = Release|Any CPU
		{FE1039C4-B6B6-4EA9-9713-0589ECCAA5F5}.Release|Any CPU.Build.0 = Release|Any CPU
		{8FBE10AA-EBDA-4429-8F79-F3D00AF12861}.Debug|Any CPU.ActiveCfg = Debug|Any CPU
		{8FBE10AA-EBDA-4429-8F79-F3D00AF12861}.Debug|Any CPU.Build.0 = Debug|Any CPU
		{8FBE10AA-EBDA-4429-8F79-F3D00AF12861}.Release|Any CPU.ActiveCfg = Release|Any CPU
		{8FBE10AA-EBDA-4429-8F79-F3D00AF12861}.Release|Any CPU.Build.0 = Release|Any CPU
		{44AA0D95-0DB5-4E16-B85B-0456D53BBF12}.Debug|Any CPU.ActiveCfg = Debug|Any CPU
		{44AA0D95-0DB5-4E16-B85B-0456D53BBF12}.Debug|Any CPU.Build.0 = Debug|Any CPU
		{44AA0D95-0DB5-4E16-B85B-0456D53BBF12}.Release|Any CPU.ActiveCfg = Release|Any CPU
		{44AA0D95-0DB5-4E16-B85B-0456D53BBF12}.Release|Any CPU.Build.0 = Release|Any CPU
	EndGlobalSection
	GlobalSection(SolutionProperties) = preSolution
		HideSolutionNode = FALSE
	EndGlobalSection
	GlobalSection(ExtensibilityGlobals) = postSolution
		SolutionGuid = {B40864C6-FE61-41AD-AB59-A04A2F8371E9}
	EndGlobalSection
EndGlobal
